
Microsoft Visual Studio Solution File, Format Version 12.00
# Visual Studio Version 17
VisualStudioVersion = 17.3.32922.545
MinimumVisualStudioVersion = 10.0.40219.1
Project("{FAE04EC0-301F-11D3-BF4B-00C04F79EFBC}") = "DBPracticaConLoginSearchYList", "DBPracticaConLogin\DBPracticaConLoginSearchYList.csproj", "{FD2BEF50-E5C5-44C1-B7B9-9635084FA3C3}"
EndProject
Global
	GlobalSection(SolutionConfigurationPlatforms) = preSolution
		Debug|Any CPU = Debug|Any CPU
		Release|Any CPU = Release|Any CPU
	EndGlobalSection
	GlobalSection(ProjectConfigurationPlatforms) = postSolution
		{FD2BEF50-E5C5-44C1-B7B9-9635084FA3C3}.Debug|Any CPU.ActiveCfg = Debug|Any CPU
		{FD2BEF50-E5C5-44C1-B7B9-9635084FA3C3}.Debug|Any CPU.Build.0 = Debug|Any CPU
		{FD2BEF50-E5C5-44C1-B7B9-9635084FA3C3}.Release|Any CPU.ActiveCfg = Release|Any CPU
		{FD2BEF50-E5C5-44C1-B7B9-9635084FA3C3}.Release|Any CPU.Build.0 = Release|Any CPU
	EndGlobalSection
	GlobalSection(SolutionProperties) = preSolution
		HideSolutionNode = FALSE
	EndGlobalSection
	GlobalSection(ExtensibilityGlobals) = postSolution
		SolutionGuid = {C88B013C-FBA7-48A2-8800-64FDAA4F659E}
	EndGlobalSection
EndGlobal
